
Microsoft Visual Studio Solution File, Format Version 11.00
# Visual C++ Express 2010
Project("{8BC9CEB8-8B4A-11D0-8D11-00A0C91BC942}") = "K2Reconv", "K2Reconv.vcxproj", "{655E937C-3526-47EC-92D4-42A54E8220DD}"
EndProject
Global
	GlobalSection(SolutionConfigurationPlatforms) = preSolution
		Debug|Win32 = Debug|Win32
		Release|Win32 = Release|Win32
	EndGlobalSection
	GlobalSection(ProjectConfigurationPlatforms) = postSolution
		{655E937C-3526-47EC-92D4-42A54E8220DD}.Debug|Win32.ActiveCfg = Debug|Win32
		{655E937C-3526-47EC-92D4-42A54E8220DD}.Debug|Win32.Build.0 = Debug|Win32
		{655E937C-3526-47EC-92D4-42A54E8220DD}.Release|Win32.ActiveCfg = Release|Win32
		{655E937C-3526-47EC-92D4-42A54E8220DD}.Release|Win32.Build.0 = Release|Win32
	EndGlobalSection
	GlobalSection(SolutionProperties) = preSolution
		HideSolutionNode = FALSE
	EndGlobalSection
EndGlobal
